// !$*UTF8*$!
{
	archiveVersion = 1;
	classes = {
	};
	objectVersion = 50;
	objects = {

/* Begin PBXBuildFile section */
		09155D54225336290076D10E /* Game.swift in Sources */ = {isa = PBXBuildFile; fileRef = 09155D53225336290076D10E /* Game.swift */; };
		09155D56225336500076D10E /* ColorOfChess.swift in Sources */ = {isa = PBXBuildFile; fileRef = 09155D55225336500076D10E /* ColorOfChess.swift */; };
		091679A6224CFB4600FD69C0 /* DescriptionGame.storyboard in Resources */ = {isa = PBXBuildFile; fileRef = 091679A5224CFB4600FD69C0 /* DescriptionGame.storyboard */; };
		091679AB224CFDF800FD69C0 /* DGTableViewController.swift in Sources */ = {isa = PBXBuildFile; fileRef = 091679AA224CFDF800FD69C0 /* DGTableViewController.swift */; };
		091679B4224D359500FD69C0 /* DGProvider.swift in Sources */ = {isa = PBXBuildFile; fileRef = 091679B3224D359500FD69C0 /* DGProvider.swift */; };
		0939DFDC2254A22300C27CCD /* SOGPresenter.swift in Sources */ = {isa = PBXBuildFile; fileRef = 0939DFDB2254A22300C27CCD /* SOGPresenter.swift */; };
		0939DFE02254E02300C27CCD /* SOGViewModel.swift in Sources */ = {isa = PBXBuildFile; fileRef = 0939DFDF2254E02300C27CCD /* SOGViewModel.swift */; };
		097201F0224CF2FA0002C83C /* AppDelegate.swift in Sources */ = {isa = PBXBuildFile; fileRef = 097201EF224CF2FA0002C83C /* AppDelegate.swift */; };
		097201F2224CF2FA0002C83C /* MainViewController.swift in Sources */ = {isa = PBXBuildFile; fileRef = 097201F1224CF2FA0002C83C /* MainViewController.swift */; };
		097201F5224CF2FA0002C83C /* Main.storyboard in Resources */ = {isa = PBXBuildFile; fileRef = 097201F3224CF2FA0002C83C /* Main.storyboard */; };
		097201F7224CF2FB0002C83C /* Assets.xcassets in Resources */ = {isa = PBXBuildFile; fileRef = 097201F6224CF2FB0002C83C /* Assets.xcassets */; };
		097201FA224CF2FB0002C83C /* LaunchScreen.storyboard in Resources */ = {isa = PBXBuildFile; fileRef = 097201F8224CF2FB0002C83C /* LaunchScreen.storyboard */; };
		098D6E042255DBE80026778F /* MainPresenter.swift in Sources */ = {isa = PBXBuildFile; fileRef = 098D6E032255DBE80026778F /* MainPresenter.swift */; };
		098D6E062255DBF00026778F /* MainViewModel.swift in Sources */ = {isa = PBXBuildFile; fileRef = 098D6E052255DBF00026778F /* MainViewModel.swift */; };
		098D6E092255F6740026778F /* MainCell.swift in Sources */ = {isa = PBXBuildFile; fileRef = 098D6E082255F6740026778F /* MainCell.swift */; };
		099462C42255D59800F1796E /* MainDataSource.swift in Sources */ = {isa = PBXBuildFile; fileRef = 099462C32255D59800F1796E /* MainDataSource.swift */; };
		09EBD8DC2253A4C500E6D837 /* StepsOfGame.storyboard in Resources */ = {isa = PBXBuildFile; fileRef = 09EBD8DB2253A4C500E6D837 /* StepsOfGame.storyboard */; };
		09EBD8DE2253A50000E6D837 /* SOGGamesViewController.swift in Sources */ = {isa = PBXBuildFile; fileRef = 09EBD8DD2253A50000E6D837 /* SOGGamesViewController.swift */; };
		09EBD8E02253A60100E6D837 /* DGProtocols.swift in Sources */ = {isa = PBXBuildFile; fileRef = 09EBD8DF2253A60100E6D837 /* DGProtocols.swift */; };
		09EBD8E22253B12400E6D837 /* Step.swift in Sources */ = {isa = PBXBuildFile; fileRef = 09EBD8E12253B12400E6D837 /* Step.swift */; };
		09FFFF6E2257715E00D22B89 /* SOGCheckSymbol.swift in Sources */ = {isa = PBXBuildFile; fileRef = 09FFFF6D2257715E00D22B89 /* SOGCheckSymbol.swift */; };
/* End PBXBuildFile section */

/* Begin PBXFileReference section */
		09155D53225336290076D10E /* Game.swift */ = {isa = PBXFileReference; lastKnownFileType = sourcecode.swift; path = Game.swift; sourceTree = "<group>"; };
		09155D55225336500076D10E /* ColorOfChess.swift */ = {isa = PBXFileReference; lastKnownFileType = sourcecode.swift; path = ColorOfChess.swift; sourceTree = "<group>"; };
		091679A5224CFB4600FD69C0 /* DescriptionGame.storyboard */ = {isa = PBXFileReference; lastKnownFileType = file.storyboard; path = DescriptionGame.storyboard; sourceTree = "<group>"; };
		091679AA224CFDF800FD69C0 /* DGTableViewController.swift */ = {isa = PBXFileReference; lastKnownFileType = sourcecode.swift; path = DGTableViewController.swift; sourceTree = "<group>"; };
		091679B3224D359500FD69C0 /* DGProvider.swift */ = {isa = PBXFileReference; lastKnownFileType = sourcecode.swift; path = DGProvider.swift; sourceTree = "<group>"; };
		0939DFDB2254A22300C27CCD /* SOGPresenter.swift */ = {isa = PBXFileReference; lastKnownFileType = sourcecode.swift; path = SOGPresenter.swift; sourceTree = "<group>"; };
		0939DFDF2254E02300C27CCD /* SOGViewModel.swift */ = {isa = PBXFileReference; lastKnownFileType = sourcecode.swift; path = SOGViewModel.swift; sourceTree = "<group>"; };
		097201EC224CF2FA0002C83C /* ChessGameApp.app */ = {isa = PBXFileReference; explicitFileType = wrapper.application; includeInIndex = 0; path = ChessGameApp.app; sourceTree = BUILT_PRODUCTS_DIR; };
		097201EF224CF2FA0002C83C /* AppDelegate.swift */ = {isa = PBXFileReference; lastKnownFileType = sourcecode.swift; path = AppDelegate.swift; sourceTree = "<group>"; };
		097201F1224CF2FA0002C83C /* MainViewController.swift */ = {isa = PBXFileReference; lastKnownFileType = sourcecode.swift; path = MainViewController.swift; sourceTree = "<group>"; };
		097201F4224CF2FA0002C83C /* Base */ = {isa = PBXFileReference; lastKnownFileType = file.storyboard; name = Base; path = Base.lproj/Main.storyboard; sourceTree = "<group>"; };
		097201F6224CF2FB0002C83C /* Assets.xcassets */ = {isa = PBXFileReference; lastKnownFileType = folder.assetcatalog; path = Assets.xcassets; sourceTree = "<group>"; };
		097201F9224CF2FB0002C83C /* Base */ = {isa = PBXFileReference; lastKnownFileType = file.storyboard; name = Base; path = Base.lproj/LaunchScreen.storyboard; sourceTree = "<group>"; };
		097201FB224CF2FB0002C83C /* Info.plist */ = {isa = PBXFileReference; lastKnownFileType = text.plist.xml; path = Info.plist; sourceTree = "<group>"; };
		098D6E032255DBE80026778F /* MainPresenter.swift */ = {isa = PBXFileReference; lastKnownFileType = sourcecode.swift; path = MainPresenter.swift; sourceTree = "<group>"; };
		098D6E052255DBF00026778F /* MainViewModel.swift */ = {isa = PBXFileReference; lastKnownFileType = sourcecode.swift; path = MainViewModel.swift; sourceTree = "<group>"; };
		098D6E082255F6740026778F /* MainCell.swift */ = {isa = PBXFileReference; lastKnownFileType = sourcecode.swift; path = MainCell.swift; sourceTree = "<group>"; };
		099462C32255D59800F1796E /* MainDataSource.swift */ = {isa = PBXFileReference; lastKnownFileType = sourcecode.swift; path = MainDataSource.swift; sourceTree = "<group>"; };
		09EBD8DB2253A4C500E6D837 /* StepsOfGame.storyboard */ = {isa = PBXFileReference; lastKnownFileType = file.storyboard; path = StepsOfGame.storyboard; sourceTree = "<group>"; };
		09EBD8DD2253A50000E6D837 /* SOGGamesViewController.swift */ = {isa = PBXFileReference; lastKnownFileType = sourcecode.swift; path = SOGGamesViewController.swift; sourceTree = "<group>"; };
		09EBD8DF2253A60100E6D837 /* DGProtocols.swift */ = {isa = PBXFileReference; lastKnownFileType = sourcecode.swift; path = DGProtocols.swift; sourceTree = "<group>"; };
		09EBD8E12253B12400E6D837 /* Step.swift */ = {isa = PBXFileReference; lastKnownFileType = sourcecode.swift; path = Step.swift; sourceTree = "<group>"; };
		09FFFF6D2257715E00D22B89 /* SOGCheckSymbol.swift */ = {isa = PBXFileReference; lastKnownFileType = sourcecode.swift; path = SOGCheckSymbol.swift; sourceTree = "<group>"; };
/* End PBXFileReference section */

/* Begin PBXFrameworksBuildPhase section */
		097201E9224CF2FA0002C83C /* Frameworks */ = {
			isa = PBXFrameworksBuildPhase;
			buildActionMask = 2147483647;
			files = (
			);
			runOnlyForDeploymentPostprocessing = 0;
		};
/* End PBXFrameworksBuildPhase section */

/* Begin PBXGroup section */
		091679A7224CFBCC00FD69C0 /* Screens */ = {
			isa = PBXGroup;
			children = (
				09720202224CF9A90002C83C /* Main */,
				09720203224CF9D20002C83C /* DescriptionGame */,
				09EBD8DA2253A40400E6D837 /* Steps Game */,
			);
			path = Screens;
			sourceTree = "<group>";
		};
		091679B1224D356300FD69C0 /* Model */ = {
			isa = PBXGroup;
			children = (
				09155D55225336500076D10E /* ColorOfChess.swift */,
				09155D53225336290076D10E /* Game.swift */,
				09EBD8E12253B12400E6D837 /* Step.swift */,
			);
			path = Model;
			sourceTree = "<group>";
		};
		097201E3224CF2FA0002C83C = {
			isa = PBXGroup;
			children = (
				097201EE224CF2FA0002C83C /* ChessGameApp */,
				097201ED224CF2FA0002C83C /* Products */,
			);
			sourceTree = "<group>";
		};
		097201ED224CF2FA0002C83C /* Products */ = {
			isa = PBXGroup;
			children = (
				097201EC224CF2FA0002C83C /* ChessGameApp.app */,
			);
			name = Products;
			sourceTree = "<group>";
		};
		097201EE224CF2FA0002C83C /* ChessGameApp */ = {
			isa = PBXGroup;
			children = (
				091679B1224D356300FD69C0 /* Model */,
				091679A7224CFBCC00FD69C0 /* Screens */,
				09720201224CF8290002C83C /* Supporting Files */,
			);
			path = ChessGameApp;
			sourceTree = "<group>";
		};
		09720201224CF8290002C83C /* Supporting Files */ = {
			isa = PBXGroup;
			children = (
				097201EF224CF2FA0002C83C /* AppDelegate.swift */,
				097201F6224CF2FB0002C83C /* Assets.xcassets */,
				097201F8224CF2FB0002C83C /* LaunchScreen.storyboard */,
				097201FB224CF2FB0002C83C /* Info.plist */,
			);
			path = "Supporting Files";
			sourceTree = "<group>";
		};
		09720202224CF9A90002C83C /* Main */ = {
			isa = PBXGroup;
			children = (
				098D6E072255F6610026778F /* View */,
				097201F1224CF2FA0002C83C /* MainViewController.swift */,
				099462C32255D59800F1796E /* MainDataSource.swift */,
				098D6E032255DBE80026778F /* MainPresenter.swift */,
				098D6E052255DBF00026778F /* MainViewModel.swift */,
				097201F3224CF2FA0002C83C /* Main.storyboard */,
			);
			path = Main;
			sourceTree = "<group>";
		};
		09720203224CF9D20002C83C /* DescriptionGame */ = {
			isa = PBXGroup;
			children = (
				091679AA224CFDF800FD69C0 /* DGTableViewController.swift */,
				091679B3224D359500FD69C0 /* DGProvider.swift */,
				09EBD8DF2253A60100E6D837 /* DGProtocols.swift */,
				091679A5224CFB4600FD69C0 /* DescriptionGame.storyboard */,
			);
			path = DescriptionGame;
			sourceTree = "<group>";
		};
		098D6E072255F6610026778F /* View */ = {
			isa = PBXGroup;
			children = (
				098D6E082255F6740026778F /* MainCell.swift */,
			);
			path = View;
			sourceTree = "<group>";
		};
		09EBD8DA2253A40400E6D837 /* Steps Game */ = {
			isa = PBXGroup;
			children = (
				09EBD8DB2253A4C500E6D837 /* StepsOfGame.storyboard */,
				09EBD8DD2253A50000E6D837 /* SOGGamesViewController.swift */,
				0939DFDB2254A22300C27CCD /* SOGPresenter.swift */,
				09FFFF6D2257715E00D22B89 /* SOGCheckSymbol.swift */,
				0939DFDF2254E02300C27CCD /* SOGViewModel.swift */,
			);
			path = "Steps Game";
			sourceTree = "<group>";
		};
/* End PBXGroup section */

/* Begin PBXNativeTarget section */
		097201EB224CF2FA0002C83C /* ChessGameApp */ = {
			isa = PBXNativeTarget;
			buildConfigurationList = 097201FE224CF2FB0002C83C /* Build configuration list for PBXNativeTarget "ChessGameApp" */;
			buildPhases = (
				097201E8224CF2FA0002C83C /* Sources */,
				097201E9224CF2FA0002C83C /* Frameworks */,
				097201EA224CF2FA0002C83C /* Resources */,
			);
			buildRules = (
			);
			dependencies = (
			);
			name = ChessGameApp;
			productName = ChessGameApp;
			productReference = 097201EC224CF2FA0002C83C /* ChessGameApp.app */;
			productType = "com.apple.product-type.application";
		};
/* End PBXNativeTarget section */

/* Begin PBXProject section */
		097201E4224CF2FA0002C83C /* Project object */ = {
			isa = PBXProject;
			attributes = {
				LastSwiftUpdateCheck = 1010;
				LastUpgradeCheck = 1010;
				ORGANIZATIONNAME = ilya;
				TargetAttributes = {
					097201EB224CF2FA0002C83C = {
						CreatedOnToolsVersion = 10.1;
					};
				};
			};
			buildConfigurationList = 097201E7224CF2FA0002C83C /* Build configuration list for PBXProject "ChessGameApp" */;
			compatibilityVersion = "Xcode 9.3";
			developmentRegion = en;
			hasScannedForEncodings = 0;
			knownRegions = (
				en,
				Base,
			);
			mainGroup = 097201E3224CF2FA0002C83C;
			productRefGroup = 097201ED224CF2FA0002C83C /* Products */;
			projectDirPath = "";
			projectRoot = "";
			targets = (
				097201EB224CF2FA0002C83C /* ChessGameApp */,
			);
		};
/* End PBXProject section */

/* Begin PBXResourcesBuildPhase section */
		097201EA224CF2FA0002C83C /* Resources */ = {
			isa = PBXResourcesBuildPhase;
			buildActionMask = 2147483647;
			files = (
				097201FA224CF2FB0002C83C /* LaunchScreen.storyboard in Resources */,
				097201F7224CF2FB0002C83C /* Assets.xcassets in Resources */,
				097201F5224CF2FA0002C83C /* Main.storyboard in Resources */,
				091679A6224CFB4600FD69C0 /* DescriptionGame.storyboard in Resources */,
				09EBD8DC2253A4C500E6D837 /* StepsOfGame.storyboard in Resources */,
			);
			runOnlyForDeploymentPostprocessing = 0;
		};
/* End PBXResourcesBuildPhase section */

/* Begin PBXSourcesBuildPhase section */
		097201E8224CF2FA0002C83C /* Sources */ = {
			isa = PBXSourcesBuildPhase;
			buildActionMask = 2147483647;
			files = (
				099462C42255D59800F1796E /* MainDataSource.swift in Sources */,
				091679AB224CFDF800FD69C0 /* DGTableViewController.swift in Sources */,
				0939DFE02254E02300C27CCD /* SOGViewModel.swift in Sources */,
				09155D56225336500076D10E /* ColorOfChess.swift in Sources */,
				098D6E062255DBF00026778F /* MainViewModel.swift in Sources */,
				098D6E042255DBE80026778F /* MainPresenter.swift in Sources */,
				09FFFF6E2257715E00D22B89 /* SOGCheckSymbol.swift in Sources */,
				09EBD8E22253B12400E6D837 /* Step.swift in Sources */,
				09EBD8E02253A60100E6D837 /* DGProtocols.swift in Sources */,
				091679B4224D359500FD69C0 /* DGProvider.swift in Sources */,
				097201F2224CF2FA0002C83C /* MainViewController.swift in Sources */,
				097201F0224CF2FA0002C83C /* AppDelegate.swift in Sources */,
				09155D54225336290076D10E /* Game.swift in Sources */,
				0939DFDC2254A22300C27CCD /* SOGPresenter.swift in Sources */,
				098D6E092255F6740026778F /* MainCell.swift in Sources */,
				09EBD8DE2253A50000E6D837 /* SOGGamesViewController.swift in Sources */,
			);
			runOnlyForDeploymentPostprocessing = 0;
		};
/* End PBXSourcesBuildPhase section */

/* Begin PBXVariantGroup section */
		097201F3224CF2FA0002C83C /* Main.storyboard */ = {
			isa = PBXVariantGroup;
			children = (
				097201F4224CF2FA0002C83C /* Base */,
			);
			name = Main.storyboard;
			sourceTree = "<group>";
		};
		097201F8224CF2FB0002C83C /* LaunchScreen.storyboard */ = {
			isa = PBXVariantGroup;
			children = (
				097201F9224CF2FB0002C83C /* Base */,
			);
			name = LaunchScreen.storyboard;
			sourceTree = "<group>";
		};
/* End PBXVariantGroup section */

/* Begin XCBuildConfiguration section */
		097201FC224CF2FB0002C83C /* Debug */ = {
			isa = XCBuildConfiguration;
			buildSettings = {
				ALWAYS_SEARCH_USER_PATHS = NO;
				CLANG_ANALYZER_NONNULL = YES;
				CLANG_ANALYZER_NUMBER_OBJECT_CONVERSION = YES_AGGRESSIVE;
				CLANG_CXX_LANGUAGE_STANDARD = "gnu++14";
				CLANG_CXX_LIBRARY = "libc++";
				CLANG_ENABLE_MODULES = YES;
				CLANG_ENABLE_OBJC_ARC = YES;
				CLANG_ENABLE_OBJC_WEAK = YES;
				CLANG_WARN_BLOCK_CAPTURE_AUTORELEASING = YES;
				CLANG_WARN_BOOL_CONVERSION = YES;
				CLANG_WARN_COMMA = YES;
				CLANG_WARN_CONSTANT_CONVERSION = YES;
				CLANG_WARN_DEPRECATED_OBJC_IMPLEMENTATIONS = YES;
				CLANG_WARN_DIRECT_OBJC_ISA_USAGE = YES_ERROR;
				CLANG_WARN_DOCUMENTATION_COMMENTS = YES;
				CLANG_WARN_EMPTY_BODY = YES;
				CLANG_WARN_ENUM_CONVERSION = YES;
				CLANG_WARN_INFINITE_RECURSION = YES;
				CLANG_WARN_INT_CONVERSION = YES;
				CLANG_WARN_NON_LITERAL_NULL_CONVERSION = YES;
				CLANG_WARN_OBJC_IMPLICIT_RETAIN_SELF = YES;
				CLANG_WARN_OBJC_LITERAL_CONVERSION = YES;
				CLANG_WARN_OBJC_ROOT_CLASS = YES_ERROR;
				CLANG_WARN_RANGE_LOOP_ANALYSIS = YES;
				CLANG_WARN_STRICT_PROTOTYPES = YES;
				CLANG_WARN_SUSPICIOUS_MOVE = YES;
				CLANG_WARN_UNGUARDED_AVAILABILITY = YES_AGGRESSIVE;
				CLANG_WARN_UNREACHABLE_CODE = YES;
				CLANG_WARN__DUPLICATE_METHOD_MATCH = YES;
				CODE_SIGN_IDENTITY = "iPhone Developer";
				COPY_PHASE_STRIP = NO;
				DEBUG_INFORMATION_FORMAT = dwarf;
				ENABLE_STRICT_OBJC_MSGSEND = YES;
				ENABLE_TESTABILITY = YES;
				GCC_C_LANGUAGE_STANDARD = gnu11;
				GCC_DYNAMIC_NO_PIC = NO;
				GCC_NO_COMMON_BLOCKS = YES;
				GCC_OPTIMIZATION_LEVEL = 0;
				GCC_PREPROCESSOR_DEFINITIONS = (
					"DEBUG=1",
					"$(inherited)",
				);
				GCC_WARN_64_TO_32_BIT_CONVERSION = YES;
				GCC_WARN_ABOUT_RETURN_TYPE = YES_ERROR;
				GCC_WARN_UNDECLARED_SELECTOR = YES;
				GCC_WARN_UNINITIALIZED_AUTOS = YES_AGGRESSIVE;
				GCC_WARN_UNUSED_FUNCTION = YES;
				GCC_WARN_UNUSED_VARIABLE = YES;
				IPHONEOS_DEPLOYMENT_TARGET = 12.1;
				MTL_ENABLE_DEBUG_INFO = INCLUDE_SOURCE;
				MTL_FAST_MATH = YES;
				ONLY_ACTIVE_ARCH = YES;
				SDKROOT = iphoneos;
				SWIFT_ACTIVE_COMPILATION_CONDITIONS = DEBUG;
				SWIFT_OPTIMIZATION_LEVEL = "-Onone";
			};
			name = Debug;
		};
		097201FD224CF2FB0002C83C /* Release */ = {
			isa = XCBuildConfiguration;
			buildSettings = {
				ALWAYS_SEARCH_USER_PATHS = NO;
				CLANG_ANALYZER_NONNULL = YES;
				CLANG_ANALYZER_NUMBER_OBJECT_CONVERSION = YES_AGGRESSIVE;
				CLANG_CXX_LANGUAGE_STANDARD = "gnu++14";
				CLANG_CXX_LIBRARY = "libc++";
				CLANG_ENABLE_MODULES = YES;
				CLANG_ENABLE_OBJC_ARC = YES;
				CLANG_ENABLE_OBJC_WEAK = YES;
				CLANG_WARN_BLOCK_CAPTURE_AUTORELEASING = YES;
				CLANG_WARN_BOOL_CONVERSION = YES;
				CLANG_WARN_COMMA = YES;
				CLANG_WARN_CONSTANT_CONVERSION = YES;
				CLANG_WARN_DEPRECATED_OBJC_IMPLEMENTATIONS = YES;
				CLANG_WARN_DIRECT_OBJC_ISA_USAGE = YES_ERROR;
				CLANG_WARN_DOCUMENTATION_COMMENTS = YES;
				CLANG_WARN_EMPTY_BODY = YES;
				CLANG_WARN_ENUM_CONVERSION = YES;
				CLANG_WARN_INFINITE_RECURSION = YES;
				CLANG_WARN_INT_CONVERSION = YES;
				CLANG_WARN_NON_LITERAL_NULL_CONVERSION = YES;
				CLANG_WARN_OBJC_IMPLICIT_RETAIN_SELF = YES;
				CLANG_WARN_OBJC_LITERAL_CONVERSION = YES;
				CLANG_WARN_OBJC_ROOT_CLASS = YES_ERROR;
				CLANG_WARN_RANGE_LOOP_ANALYSIS = YES;
				CLANG_WARN_STRICT_PROTOTYPES = YES;
				CLANG_WARN_SUSPICIOUS_MOVE = YES;
				CLANG_WARN_UNGUARDED_AVAILABILITY = YES_AGGRESSIVE;
				CLANG_WARN_UNREACHABLE_CODE = YES;
				CLANG_WARN__DUPLICATE_METHOD_MATCH = YES;
				CODE_SIGN_IDENTITY = "iPhone Developer";
				COPY_PHASE_STRIP = NO;
				DEBUG_INFORMATION_FORMAT = "dwarf-with-dsym";
				ENABLE_NS_ASSERTIONS = NO;
				ENABLE_STRICT_OBJC_MSGSEND = YES;
				GCC_C_LANGUAGE_STANDARD = gnu11;
				GCC_NO_COMMON_BLOCKS = YES;
				GCC_WARN_64_TO_32_BIT_CONVERSION = YES;
				GCC_WARN_ABOUT_RETURN_TYPE = YES_ERROR;
				GCC_WARN_UNDECLARED_SELECTOR = YES;
				GCC_WARN_UNINITIALIZED_AUTOS = YES_AGGRESSIVE;
				GCC_WARN_UNUSED_FUNCTION = YES;
				GCC_WARN_UNUSED_VARIABLE = YES;
				IPHONEOS_DEPLOYMENT_TARGET = 12.1;
				MTL_ENABLE_DEBUG_INFO = NO;
				MTL_FAST_MATH = YES;
				SDKROOT = iphoneos;
				SWIFT_COMPILATION_MODE = wholemodule;
				SWIFT_OPTIMIZATION_LEVEL = "-O";
				VALIDATE_PRODUCT = YES;
			};
			name = Release;
		};
		097201FF224CF2FB0002C83C /* Debug */ = {
			isa = XCBuildConfiguration;
			buildSettings = {
				ASSETCATALOG_COMPILER_APPICON_NAME = AppIcon;
				CODE_SIGN_STYLE = Automatic;
				DEVELOPMENT_TEAM = 56T6R5MKP3;
				INFOPLIST_FILE = "$(SRCROOT)/ChessGameApp/Supporting Files/Info.plist";
				LD_RUNPATH_SEARCH_PATHS = (
					"$(inherited)",
					"@executable_path/Frameworks",
				);
				PRODUCT_BUNDLE_IDENTIFIER = "ilyalipakov-gmail.com.ChessGameApp";
				PRODUCT_NAME = "$(TARGET_NAME)";
				SWIFT_VERSION = 4.2;
				TARGETED_DEVICE_FAMILY = "1,2";
			};
			name = Debug;
		};
		09720200224CF2FB0002C83C /* Release */ = {
			isa = XCBuildConfiguration;
			buildSettings = {
				ASSETCATALOG_COMPILER_APPICON_NAME = AppIcon;
				CODE_SIGN_STYLE = Automatic;
				DEVELOPMENT_TEAM = 56T6R5MKP3;
				INFOPLIST_FILE = "$(SRCROOT)/ChessGameApp/Supporting Files/Info.plist";
				LD_RUNPATH_SEARCH_PATHS = (
					"$(inherited)",
					"@executable_path/Frameworks",
				);
				PRODUCT_BUNDLE_IDENTIFIER = "ilyalipakov-gmail.com.ChessGameApp";
				PRODUCT_NAME = "$(TARGET_NAME)";
				SWIFT_VERSION = 4.2;
				TARGETED_DEVICE_FAMILY = "1,2";
			};
			name = Release;
		};
/* End XCBuildConfiguration section */

/* Begin XCConfigurationList section */
		097201E7224CF2FA0002C83C /* Build configuration list for PBXProject "ChessGameApp" */ = {
			isa = XCConfigurationList;
			buildConfigurations = (
				097201FC224CF2FB0002C83C /* Debug */,
				097201FD224CF2FB0002C83C /* Release */,
			);
			defaultConfigurationIsVisible = 0;
			defaultConfigurationName = Release;
		};
		097201FE224CF2FB0002C83C /* Build configuration list for PBXNativeTarget "ChessGameApp" */ = {
			isa = XCConfigurationList;
			buildConfigurations = (
				097201FF224CF2FB0002C83C /* Debug */,
				09720200224CF2FB0002C83C /* Release */,
			);
			defaultConfigurationIsVisible = 0;
			defaultConfigurationName = Release;
		};
/* End XCConfigurationList section */
	};
	rootObject = 097201E4224CF2FA0002C83C /* Project object */;
}
